// !$*UTF8*$!
{
	archiveVersion = 1;
	classes = {
	};
	objectVersion = 46;
	objects = {

/* Begin PBXBuildFile section */
		854CE5D118B2DD9400BE6C62 /* MSViewControllerEffects.m in Sources */ = {isa = PBXBuildFile; fileRef = 854CE5D018B2DD9400BE6C62 /* MSViewControllerEffects.m */; };
		854CE5D418B67F7900BE6C62 /* MSAllinOne.m in Sources */ = {isa = PBXBuildFile; fileRef = 854CE5D318B67F7800BE6C62 /* MSAllinOne.m */; };
		854CE5DA18B6830D00BE6C62 /* MSFilesCollection.m in Sources */ = {isa = PBXBuildFile; fileRef = 854CE5D918B6830D00BE6C62 /* MSFilesCollection.m */; };
		854CE5DD18B6F23F00BE6C62 /* MSMyCell.m in Sources */ = {isa = PBXBuildFile; fileRef = 854CE5DC18B6F23F00BE6C62 /* MSMyCell.m */; };
		854CE5E618B754AD00BE6C62 /* MSLogFileDataSource.m in Sources */ = {isa = PBXBuildFile; fileRef = 854CE5E518B754AD00BE6C62 /* MSLogFileDataSource.m */; };
		85662C4A18A8AFC40064AA59 /* Settings.bundle in Resources */ = {isa = PBXBuildFile; fileRef = 85662C4918A8AFC40064AA59 /* Settings.bundle */; };
		85662D0E18AA98960064AA59 /* icon-menu.png in Resources */ = {isa = PBXBuildFile; fileRef = 85662D0A18AA98960064AA59 /* icon-menu.png */; };
		85662D0F18AA98960064AA59 /* icon-menu@2x.png in Resources */ = {isa = PBXBuildFile; fileRef = 85662D0B18AA98960064AA59 /* icon-menu@2x.png */; };
		85662D1018AA98960064AA59 /* icon.png in Resources */ = {isa = PBXBuildFile; fileRef = 85662D0C18AA98960064AA59 /* icon.png */; };
		85662D1118AA98960064AA59 /* icon@2x.png in Resources */ = {isa = PBXBuildFile; fileRef = 85662D0D18AA98960064AA59 /* icon@2x.png */; };
		85662D1418AA98A40064AA59 /* simpleMenuButton.png in Resources */ = {isa = PBXBuildFile; fileRef = 85662D1218AA98A40064AA59 /* simpleMenuButton.png */; };
		85662D1518AA98A40064AA59 /* simpleMenuButton@2x.png in Resources */ = {isa = PBXBuildFile; fileRef = 85662D1318AA98A40064AA59 /* simpleMenuButton@2x.png */; };
		85662D1D18AAF73E0064AA59 /* RNFrostedSidebar.m in Sources */ = {isa = PBXBuildFile; fileRef = 85662D1C18AAF73E0064AA59 /* RNFrostedSidebar.m */; };
		85662D1F18AAF78C0064AA59 /* QuartzCore.framework in Frameworks */ = {isa = PBXBuildFile; fileRef = 85662D1E18AAF78C0064AA59 /* QuartzCore.framework */; };
		85662D2118AAF7950064AA59 /* Accelerate.framework in Frameworks */ = {isa = PBXBuildFile; fileRef = 85662D2018AAF7950064AA59 /* Accelerate.framework */; };
		85662D2A18AB07E90064AA59 /* key.png in Resources */ = {isa = PBXBuildFile; fileRef = 85662D2218AB07E90064AA59 /* key.png */; };
		85662D2B18AB07E90064AA59 /* key2.png in Resources */ = {isa = PBXBuildFile; fileRef = 85662D2318AB07E90064AA59 /* key2.png */; };
		85662D2E18AB07E90064AA59 /* lock.png in Resources */ = {isa = PBXBuildFile; fileRef = 85662D2618AB07E90064AA59 /* lock.png */; };
		85662D3418AB0C9E0064AA59 /* align-justify.png in Resources */ = {isa = PBXBuildFile; fileRef = 85662D3218AB0C9E0064AA59 /* align-justify.png */; };
		85662D3518AB0C9E0064AA59 /* instagram.png in Resources */ = {isa = PBXBuildFile; fileRef = 85662D3318AB0C9E0064AA59 /* instagram.png */; };
		85662D3918AB0CAA0064AA59 /* plus.png in Resources */ = {isa = PBXBuildFile; fileRef = 85662D3618AB0CAA0064AA59 /* plus.png */; };
		85662D3A18AB0CAA0064AA59 /* reorder.png in Resources */ = {isa = PBXBuildFile; fileRef = 85662D3718AB0CAA0064AA59 /* reorder.png */; };
		85662D3B18AB0CAA0064AA59 /* trash.png in Resources */ = {isa = PBXBuildFile; fileRef = 85662D3818AB0CAA0064AA59 /* trash.png */; };
		85662D5518AC04440064AA59 /* MSViewControllerCamera.m in Sources */ = {isa = PBXBuildFile; fileRef = 85662D5418AC04440064AA59 /* MSViewControllerCamera.m */; };
		85DA2BD71890308300876793 /* Foundation.framework in Frameworks */ = {isa = PBXBuildFile; fileRef = 85DA2BD61890308300876793 /* Foundation.framework */; };
		85DA2BD91890308300876793 /* CoreGraphics.framework in Frameworks */ = {isa = PBXBuildFile; fileRef = 85DA2BD81890308300876793 /* CoreGraphics.framework */; };
		85DA2BDB1890308300876793 /* UIKit.framework in Frameworks */ = {isa = PBXBuildFile; fileRef = 85DA2BDA1890308300876793 /* UIKit.framework */; };
		85DA2BDD1890308300876793 /* CoreData.framework in Frameworks */ = {isa = PBXBuildFile; fileRef = 85DA2BDC1890308300876793 /* CoreData.framework */; };
		85DA2BE31890308300876793 /* InfoPlist.strings in Resources */ = {isa = PBXBuildFile; fileRef = 85DA2BE11890308300876793 /* InfoPlist.strings */; };
		85DA2BE51890308300876793 /* main.m in Sources */ = {isa = PBXBuildFile; fileRef = 85DA2BE41890308300876793 /* main.m */; };
		85DA2BE91890308300876793 /* MSAppDelegate.m in Sources */ = {isa = PBXBuildFile; fileRef = 85DA2BE81890308300876793 /* MSAppDelegate.m */; };
		85DA2BEC1890308300876793 /* Main.storyboard in Resources */ = {isa = PBXBuildFile; fileRef = 85DA2BEA1890308300876793 /* Main.storyboard */; };
		85DA2BEF1890308300876793 /* Tutorial.xcdatamodeld in Sources */ = {isa = PBXBuildFile; fileRef = 85DA2BED1890308300876793 /* Tutorial.xcdatamodeld */; };
		85DA2BF71890308300876793 /* Images.xcassets in Resources */ = {isa = PBXBuildFile; fileRef = 85DA2BF61890308300876793 /* Images.xcassets */; };
		85DA2BFE1890308300876793 /* XCTest.framework in Frameworks */ = {isa = PBXBuildFile; fileRef = 85DA2BFD1890308300876793 /* XCTest.framework */; };
		85DA2BFF1890308300876793 /* Foundation.framework in Frameworks */ = {isa = PBXBuildFile; fileRef = 85DA2BD61890308300876793 /* Foundation.framework */; };
		85DA2C001890308300876793 /* UIKit.framework in Frameworks */ = {isa = PBXBuildFile; fileRef = 85DA2BDA1890308300876793 /* UIKit.framework */; };
		85DA2C011890308300876793 /* CoreData.framework in Frameworks */ = {isa = PBXBuildFile; fileRef = 85DA2BDC1890308300876793 /* CoreData.framework */; };
		85DA2C091890308300876793 /* InfoPlist.strings in Resources */ = {isa = PBXBuildFile; fileRef = 85DA2C071890308300876793 /* InfoPlist.strings */; };
		85DA2C0B1890308300876793 /* TutorialTests.m in Sources */ = {isa = PBXBuildFile; fileRef = 85DA2C0A1890308300876793 /* TutorialTests.m */; };
		85DA2C151890317A00876793 /* AVFoundation.framework in Frameworks */ = {isa = PBXBuildFile; fileRef = 85DA2C141890317A00876793 /* AVFoundation.framework */; };
		85DA2C171890318100876793 /* Security.framework in Frameworks */ = {isa = PBXBuildFile; fileRef = 85DA2C161890318100876793 /* Security.framework */; };
		85DA2C1A1890326A00876793 /* MicBlowViewController.m in Sources */ = {isa = PBXBuildFile; fileRef = 85DA2C191890326A00876793 /* MicBlowViewController.m */; };
		85DA2C1F1890327600876793 /* MSPascodeViewController.m in Sources */ = {isa = PBXBuildFile; fileRef = 85DA2C1C1890327600876793 /* MSPascodeViewController.m */; };
		85DA2C201890327600876793 /* MSTableImageController.m in Sources */ = {isa = PBXBuildFile; fileRef = 85DA2C1E1890327600876793 /* MSTableImageController.m */; };
		85DA2C231890328000876793 /* Tutorial.xcdatamodeld in Sources */ = {isa = PBXBuildFile; fileRef = 85DA2C211890328000876793 /* Tutorial.xcdatamodeld */; };
		85DA2C261890328B00876793 /* MSImageZoomController.m in Sources */ = {isa = PBXBuildFile; fileRef = 85DA2C251890328B00876793 /* MSImageZoomController.m */; };
		85DA2C2A18903D3000876793 /* MSMainTableViewController.m in Sources */ = {isa = PBXBuildFile; fileRef = 85DA2C2818903D3000876793 /* MSMainTableViewController.m */; };
		85DA2C341892C7BD00876793 /* SSKeychain.m in Sources */ = {isa = PBXBuildFile; fileRef = 85DA2C311892C7BD00876793 /* SSKeychain.m */; };
		85DA2C351892C7BD00876793 /* SSKeychainQuery.m in Sources */ = {isa = PBXBuildFile; fileRef = 85DA2C331892C7BD00876793 /* SSKeychainQuery.m */; };
		85DA2C381892C84C00876793 /* MSKeyChain.m in Sources */ = {isa = PBXBuildFile; fileRef = 85DA2C371892C84C00876793 /* MSKeyChain.m */; };
		85DA2C3A189310E800876793 /* README.md in Resources */ = {isa = PBXBuildFile; fileRef = 85DA2C39189310E800876793 /* README.md */; };
		85DA2C3D18931DAA00876793 /* Lockbox.m in Sources */ = {isa = PBXBuildFile; fileRef = 85DA2C3C18931DAA00876793 /* Lockbox.m */; };
		85EFB559189C47A2003492E5 /* MSUtil.m in Sources */ = {isa = PBXBuildFile; fileRef = 85EFB558189C47A2003492E5 /* MSUtil.m */; };
		B9E9166E48D44315A42A4F50 /* libPods.a in Frameworks */ = {isa = PBXBuildFile; fileRef = C2EEE769C876440C960BE581 /* libPods.a */; };
/* End PBXBuildFile section */

/* Begin PBXContainerItemProxy section */
		85DA2C021890308300876793 /* PBXContainerItemProxy */ = {
			isa = PBXContainerItemProxy;
			containerPortal = 85DA2BCB1890308300876793 /* Project object */;
			proxyType = 1;
			remoteGlobalIDString = 85DA2BD21890308300876793;
			remoteInfo = Tutorial;
		};
/* End PBXContainerItemProxy section */

/* Begin PBXFileReference section */
		854CE5CF18B2DD9400BE6C62 /* MSViewControllerEffects.h */ = {isa = PBXFileReference; fileEncoding = 4; lastKnownFileType = sourcecode.c.h; path = MSViewControllerEffects.h; sourceTree = "<group>"; };
		854CE5D018B2DD9400BE6C62 /* MSViewControllerEffects.m */ = {isa = PBXFileReference; fileEncoding = 4; lastKnownFileType = sourcecode.c.objc; path = MSViewControllerEffects.m; sourceTree = "<group>"; };
		854CE5D218B67F7800BE6C62 /* MSAllinOne.h */ = {isa = PBXFileReference; fileEncoding = 4; lastKnownFileType = sourcecode.c.h; path = MSAllinOne.h; sourceTree = "<group>"; };
		854CE5D318B67F7800BE6C62 /* MSAllinOne.m */ = {isa = PBXFileReference; fileEncoding = 4; lastKnownFileType = sourcecode.c.objc; path = MSAllinOne.m; sourceTree = "<group>"; };
		854CE5D818B6830D00BE6C62 /* MSFilesCollection.h */ = {isa = PBXFileReference; fileEncoding = 4; lastKnownFileType = sourcecode.c.h; path = MSFilesCollection.h; sourceTree = "<group>"; };
		854CE5D918B6830D00BE6C62 /* MSFilesCollection.m */ = {isa = PBXFileReference; fileEncoding = 4; lastKnownFileType = sourcecode.c.objc; path = MSFilesCollection.m; sourceTree = "<group>"; };
		854CE5DB18B6F23F00BE6C62 /* MSMyCell.h */ = {isa = PBXFileReference; fileEncoding = 4; lastKnownFileType = sourcecode.c.h; path = MSMyCell.h; sourceTree = "<group>"; };
		854CE5DC18B6F23F00BE6C62 /* MSMyCell.m */ = {isa = PBXFileReference; fileEncoding = 4; lastKnownFileType = sourcecode.c.objc; path = MSMyCell.m; sourceTree = "<group>"; };
		854CE5E418B754AD00BE6C62 /* MSLogFileDataSource.h */ = {isa = PBXFileReference; fileEncoding = 4; lastKnownFileType = sourcecode.c.h; path = MSLogFileDataSource.h; sourceTree = "<group>"; };
		854CE5E518B754AD00BE6C62 /* MSLogFileDataSource.m */ = {isa = PBXFileReference; fileEncoding = 4; lastKnownFileType = sourcecode.c.objc; path = MSLogFileDataSource.m; sourceTree = "<group>"; };
		85662C4918A8AFC40064AA59 /* Settings.bundle */ = {isa = PBXFileReference; lastKnownFileType = "wrapper.plug-in"; path = Settings.bundle; sourceTree = "<group>"; };
		85662D0A18AA98960064AA59 /* icon-menu.png */ = {isa = PBXFileReference; lastKnownFileType = image.png; path = "icon-menu.png"; sourceTree = "<group>"; };
		85662D0B18AA98960064AA59 /* icon-menu@2x.png */ = {isa = PBXFileReference; lastKnownFileType = image.png; path = "icon-menu@2x.png"; sourceTree = "<group>"; };
		85662D0C18AA98960064AA59 /* icon.png */ = {isa = PBXFileReference; lastKnownFileType = image.png; path = icon.png; sourceTree = "<group>"; };
		85662D0D18AA98960064AA59 /* icon@2x.png */ = {isa = PBXFileReference; lastKnownFileType = image.png; path = "icon@2x.png"; sourceTree = "<group>"; };
		85662D1218AA98A40064AA59 /* simpleMenuButton.png */ = {isa = PBXFileReference; lastKnownFileType = image.png; path = simpleMenuButton.png; sourceTree = "<group>"; };
		85662D1318AA98A40064AA59 /* simpleMenuButton@2x.png */ = {isa = PBXFileReference; lastKnownFileType = image.png; path = "simpleMenuButton@2x.png"; sourceTree = "<group>"; };
		85662D1B18AAF73E0064AA59 /* RNFrostedSidebar.h */ = {isa = PBXFileReference; fileEncoding = 4; lastKnownFileType = sourcecode.c.h; name = RNFrostedSidebar.h; path = external/RNFrostedSidebar.h; sourceTree = "<group>"; };
		85662D1C18AAF73E0064AA59 /* RNFrostedSidebar.m */ = {isa = PBXFileReference; fileEncoding = 4; lastKnownFileType = sourcecode.c.objc; name = RNFrostedSidebar.m; path = external/RNFrostedSidebar.m; sourceTree = "<group>"; };
		85662D1E18AAF78C0064AA59 /* QuartzCore.framework */ = {isa = PBXFileReference; lastKnownFileType = wrapper.framework; name = QuartzCore.framework; path = System/Library/Frameworks/QuartzCore.framework; sourceTree = SDKROOT; };
		85662D2018AAF7950064AA59 /* Accelerate.framework */ = {isa = PBXFileReference; lastKnownFileType = wrapper.framework; name = Accelerate.framework; path = System/Library/Frameworks/Accelerate.framework; sourceTree = SDKROOT; };
		85662D2218AB07E90064AA59 /* key.png */ = {isa = PBXFileReference; lastKnownFileType = image.png; path = key.png; sourceTree = "<group>"; };
		85662D2318AB07E90064AA59 /* key2.png */ = {isa = PBXFileReference; lastKnownFileType = image.png; path = key2.png; sourceTree = "<group>"; };
		85662D2618AB07E90064AA59 /* lock.png */ = {isa = PBXFileReference; lastKnownFileType = image.png; path = lock.png; sourceTree = "<group>"; };
		85662D3218AB0C9E0064AA59 /* align-justify.png */ = {isa = PBXFileReference; lastKnownFileType = image.png; path = "align-justify.png"; sourceTree = "<group>"; };
		85662D3318AB0C9E0064AA59 /* instagram.png */ = {isa = PBXFileReference; lastKnownFileType = image.png; path = instagram.png; sourceTree = "<group>"; };
		85662D3618AB0CAA0064AA59 /* plus.png */ = {isa = PBXFileReference; lastKnownFileType = image.png; path = plus.png; sourceTree = "<group>"; };
		85662D3718AB0CAA0064AA59 /* reorder.png */ = {isa = PBXFileReference; lastKnownFileType = image.png; path = reorder.png; sourceTree = "<group>"; };
		85662D3818AB0CAA0064AA59 /* trash.png */ = {isa = PBXFileReference; lastKnownFileType = image.png; path = trash.png; sourceTree = "<group>"; };
		85662D5318AC04440064AA59 /* MSViewControllerCamera.h */ = {isa = PBXFileReference; fileEncoding = 4; lastKnownFileType = sourcecode.c.h; path = MSViewControllerCamera.h; sourceTree = "<group>"; };
		85662D5418AC04440064AA59 /* MSViewControllerCamera.m */ = {isa = PBXFileReference; fileEncoding = 4; lastKnownFileType = sourcecode.c.objc; path = MSViewControllerCamera.m; sourceTree = "<group>"; };
		85DA2BD31890308300876793 /* Tutorial.app */ = {isa = PBXFileReference; explicitFileType = wrapper.application; includeInIndex = 0; path = Tutorial.app; sourceTree = BUILT_PRODUCTS_DIR; };
		85DA2BD61890308300876793 /* Foundation.framework */ = {isa = PBXFileReference; lastKnownFileType = wrapper.framework; name = Foundation.framework; path = System/Library/Frameworks/Foundation.framework; sourceTree = SDKROOT; };
		85DA2BD81890308300876793 /* CoreGraphics.framework */ = {isa = PBXFileReference; lastKnownFileType = wrapper.framework; name = CoreGraphics.framework; path = System/Library/Frameworks/CoreGraphics.framework; sourceTree = SDKROOT; };
		85DA2BDA1890308300876793 /* UIKit.framework */ = {isa = PBXFileReference; lastKnownFileType = wrapper.framework; name = UIKit.framework; path = System/Library/Frameworks/UIKit.framework; sourceTree = SDKROOT; };
		85DA2BDC1890308300876793 /* CoreData.framework */ = {isa = PBXFileReference; lastKnownFileType = wrapper.framework; name = CoreData.framework; path = System/Library/Frameworks/CoreData.framework; sourceTree = SDKROOT; };
		85DA2BE01890308300876793 /* Tutorial-Info.plist */ = {isa = PBXFileReference; lastKnownFileType = text.plist.xml; path = "Tutorial-Info.plist"; sourceTree = "<group>"; };
		85DA2BE21890308300876793 /* en */ = {isa = PBXFileReference; lastKnownFileType = text.plist.strings; name = en; path = en.lproj/InfoPlist.strings; sourceTree = "<group>"; };
		85DA2BE41890308300876793 /* main.m */ = {isa = PBXFileReference; lastKnownFileType = sourcecode.c.objc; path = main.m; sourceTree = "<group>"; };
		85DA2BE61890308300876793 /* Tutorial-Prefix.pch */ = {isa = PBXFileReference; lastKnownFileType = sourcecode.c.h; path = "Tutorial-Prefix.pch"; sourceTree = "<group>"; };
		85DA2BE71890308300876793 /* MSAppDelegate.h */ = {isa = PBXFileReference; lastKnownFileType = sourcecode.c.h; path = MSAppDelegate.h; sourceTree = "<group>"; };
		85DA2BE81890308300876793 /* MSAppDelegate.m */ = {isa = PBXFileReference; lastKnownFileType = sourcecode.c.objc; path = MSAppDelegate.m; sourceTree = "<group>"; };
		85DA2BEB1890308300876793 /* Base */ = {isa = PBXFileReference; lastKnownFileType = file.storyboard; name = Base; path = Base.lproj/Main.storyboard; sourceTree = "<group>"; };
		85DA2BEE1890308300876793 /* Tutorial.xcdatamodel */ = {isa = PBXFileReference; lastKnownFileType = wrapper.xcdatamodel; path = Tutorial.xcdatamodel; sourceTree = "<group>"; };
		85DA2BF61890308300876793 /* Images.xcassets */ = {isa = PBXFileReference; lastKnownFileType = folder.assetcatalog; path = Images.xcassets; sourceTree = "<group>"; };
		85DA2BFC1890308300876793 /* TutorialTests.xctest */ = {isa = PBXFileReference; explicitFileType = wrapper.cfbundle; includeInIndex = 0; path = TutorialTests.xctest; sourceTree = BUILT_PRODUCTS_DIR; };
		85DA2BFD1890308300876793 /* XCTest.framework */ = {isa = PBXFileReference; lastKnownFileType = wrapper.framework; name = XCTest.framework; path = Library/Frameworks/XCTest.framework; sourceTree = DEVELOPER_DIR; };
		85DA2C061890308300876793 /* TutorialTests-Info.plist */ = {isa = PBXFileReference; lastKnownFileType = text.plist.xml; path = "TutorialTests-Info.plist"; sourceTree = "<group>"; };
		85DA2C081890308300876793 /* en */ = {isa = PBXFileReference; lastKnownFileType = text.plist.strings; name = en; path = en.lproj/InfoPlist.strings; sourceTree = "<group>"; };
		85DA2C0A1890308300876793 /* TutorialTests.m */ = {isa = PBXFileReference; lastKnownFileType = sourcecode.c.objc; path = TutorialTests.m; sourceTree = "<group>"; };
		85DA2C141890317A00876793 /* AVFoundation.framework */ = {isa = PBXFileReference; lastKnownFileType = wrapper.framework; name = AVFoundation.framework; path = System/Library/Frameworks/AVFoundation.framework; sourceTree = SDKROOT; };
		85DA2C161890318100876793 /* Security.framework */ = {isa = PBXFileReference; lastKnownFileType = wrapper.framework; name = Security.framework; path = System/Library/Frameworks/Security.framework; sourceTree = SDKROOT; };
		85DA2C181890326A00876793 /* MicBlowViewController.h */ = {isa = PBXFileReference; fileEncoding = 4; lastKnownFileType = sourcecode.c.h; path = MicBlowViewController.h; sourceTree = "<group>"; };
		85DA2C191890326A00876793 /* MicBlowViewController.m */ = {isa = PBXFileReference; fileEncoding = 4; lastKnownFileType = sourcecode.c.objc; path = MicBlowViewController.m; sourceTree = "<group>"; };
		85DA2C1B1890327600876793 /* MSPascodeViewController.h */ = {isa = PBXFileReference; fileEncoding = 4; lastKnownFileType = sourcecode.c.h; path = MSPascodeViewController.h; sourceTree = "<group>"; };
		85DA2C1C1890327600876793 /* MSPascodeViewController.m */ = {isa = PBXFileReference; fileEncoding = 4; lastKnownFileType = sourcecode.c.objc; path = MSPascodeViewController.m; sourceTree = "<group>"; };
		85DA2C1D1890327600876793 /* MSTableImageController.h */ = {isa = PBXFileReference; fileEncoding = 4; lastKnownFileType = sourcecode.c.h; path = MSTableImageController.h; sourceTree = "<group>"; };
		85DA2C1E1890327600876793 /* MSTableImageController.m */ = {isa = PBXFileReference; fileEncoding = 4; lastKnownFileType = sourcecode.c.objc; path = MSTableImageController.m; sourceTree = "<group>"; };
		85DA2C221890328000876793 /* Tutorial.xcdatamodel */ = {isa = PBXFileReference; lastKnownFileType = wrapper.xcdatamodel; path = Tutorial.xcdatamodel; sourceTree = "<group>"; };
		85DA2C241890328B00876793 /* MSImageZoomController.h */ = {isa = PBXFileReference; fileEncoding = 4; lastKnownFileType = sourcecode.c.h; path = MSImageZoomController.h; sourceTree = "<group>"; };
		85DA2C251890328B00876793 /* MSImageZoomController.m */ = {isa = PBXFileReference; fileEncoding = 4; lastKnownFileType = sourcecode.c.objc; path = MSImageZoomController.m; sourceTree = "<group>"; };
		85DA2C2718903D3000876793 /* MSMainTableViewController.h */ = {isa = PBXFileReference; fileEncoding = 4; lastKnownFileType = sourcecode.c.h; path = MSMainTableViewController.h; sourceTree = "<group>"; };
		85DA2C2818903D3000876793 /* MSMainTableViewController.m */ = {isa = PBXFileReference; fileEncoding = 4; lastKnownFileType = sourcecode.c.objc; path = MSMainTableViewController.m; sourceTree = "<group>"; };
		85DA2C301892C7BD00876793 /* SSKeychain.h */ = {isa = PBXFileReference; fileEncoding = 4; lastKnownFileType = sourcecode.c.h; name = SSKeychain.h; path = external/SSKeychain.h; sourceTree = "<group>"; };
		85DA2C311892C7BD00876793 /* SSKeychain.m */ = {isa = PBXFileReference; fileEncoding = 4; lastKnownFileType = sourcecode.c.objc; name = SSKeychain.m; path = external/SSKeychain.m; sourceTree = "<group>"; };
		85DA2C321892C7BD00876793 /* SSKeychainQuery.h */ = {isa = PBXFileReference; fileEncoding = 4; lastKnownFileType = sourcecode.c.h; name = SSKeychainQuery.h; path = external/SSKeychainQuery.h; sourceTree = "<group>"; };
		85DA2C331892C7BD00876793 /* SSKeychainQuery.m */ = {isa = PBXFileReference; fileEncoding = 4; lastKnownFileType = sourcecode.c.objc; name = SSKeychainQuery.m; path = external/SSKeychainQuery.m; sourceTree = "<group>"; };
		85DA2C361892C84C00876793 /* MSKeyChain.h */ = {isa = PBXFileReference; fileEncoding = 4; lastKnownFileType = sourcecode.c.h; path = MSKeyChain.h; sourceTree = "<group>"; };
		85DA2C371892C84C00876793 /* MSKeyChain.m */ = {isa = PBXFileReference; fileEncoding = 4; lastKnownFileType = sourcecode.c.objc; path = MSKeyChain.m; sourceTree = "<group>"; };
		85DA2C39189310E800876793 /* README.md */ = {isa = PBXFileReference; fileEncoding = 4; lastKnownFileType = text; path = README.md; sourceTree = "<group>"; };
		85DA2C3B18931DAA00876793 /* Lockbox.h */ = {isa = PBXFileReference; fileEncoding = 4; lastKnownFileType = sourcecode.c.h; name = Lockbox.h; path = external/Lockbox.h; sourceTree = "<group>"; };
		85DA2C3C18931DAA00876793 /* Lockbox.m */ = {isa = PBXFileReference; fileEncoding = 4; lastKnownFileType = sourcecode.c.objc; name = Lockbox.m; path = external/Lockbox.m; sourceTree = "<group>"; };
		85EFB557189C47A2003492E5 /* MSUtil.h */ = {isa = PBXFileReference; fileEncoding = 4; lastKnownFileType = sourcecode.c.h; path = MSUtil.h; sourceTree = "<group>"; };
		85EFB558189C47A2003492E5 /* MSUtil.m */ = {isa = PBXFileReference; fileEncoding = 4; lastKnownFileType = sourcecode.c.objc; path = MSUtil.m; sourceTree = "<group>"; };
		AE47620B231840B581071C9E /* Pods.xcconfig */ = {isa = PBXFileReference; includeInIndex = 1; lastKnownFileType = text.xcconfig; name = Pods.xcconfig; path = Pods/Pods.xcconfig; sourceTree = "<group>"; };
		C2EEE769C876440C960BE581 /* libPods.a */ = {isa = PBXFileReference; explicitFileType = archive.ar; includeInIndex = 0; path = libPods.a; sourceTree = BUILT_PRODUCTS_DIR; };
/* End PBXFileReference section */

/* Begin PBXFrameworksBuildPhase section */
		85DA2BD01890308300876793 /* Frameworks */ = {
			isa = PBXFrameworksBuildPhase;
			buildActionMask = 2147483647;
			files = (
				85662D2118AAF7950064AA59 /* Accelerate.framework in Frameworks */,
				85662D1F18AAF78C0064AA59 /* QuartzCore.framework in Frameworks */,
				85DA2C171890318100876793 /* Security.framework in Frameworks */,
				85DA2C151890317A00876793 /* AVFoundation.framework in Frameworks */,
				85DA2BD91890308300876793 /* CoreGraphics.framework in Frameworks */,
				85DA2BDD1890308300876793 /* CoreData.framework in Frameworks */,
				85DA2BDB1890308300876793 /* UIKit.framework in Frameworks */,
				85DA2BD71890308300876793 /* Foundation.framework in Frameworks */,
				B9E9166E48D44315A42A4F50 /* libPods.a in Frameworks */,
			);
			runOnlyForDeploymentPostprocessing = 0;
		};
		85DA2BF91890308300876793 /* Frameworks */ = {
			isa = PBXFrameworksBuildPhase;
			buildActionMask = 2147483647;
			files = (
				85DA2BFE1890308300876793 /* XCTest.framework in Frameworks */,
				85DA2C011890308300876793 /* CoreData.framework in Frameworks */,
				85DA2C001890308300876793 /* UIKit.framework in Frameworks */,
				85DA2BFF1890308300876793 /* Foundation.framework in Frameworks */,
			);
			runOnlyForDeploymentPostprocessing = 0;
		};
/* End PBXFrameworksBuildPhase section */

/* Begin PBXGroup section */
		85DA2BCA1890308300876793 = {
			isa = PBXGroup;
			children = (
				85DA2C39189310E800876793 /* README.md */,
				85DA2BDE1890308300876793 /* Tutorial */,
				85DA2C041890308300876793 /* TutorialTests */,
				85DA2BD51890308300876793 /* Frameworks */,
				85DA2BD41890308300876793 /* Products */,
				AE47620B231840B581071C9E /* Pods.xcconfig */,
			);
			sourceTree = "<group>";
		};
		85DA2BD41890308300876793 /* Products */ = {
			isa = PBXGroup;
			children = (
				85DA2BD31890308300876793 /* Tutorial.app */,
				85DA2BFC1890308300876793 /* TutorialTests.xctest */,
			);
			name = Products;
			sourceTree = "<group>";
		};
		85DA2BD51890308300876793 /* Frameworks */ = {
			isa = PBXGroup;
			children = (
				85662D2018AAF7950064AA59 /* Accelerate.framework */,
				85662D1E18AAF78C0064AA59 /* QuartzCore.framework */,
				85DA2C161890318100876793 /* Security.framework */,
				85DA2C141890317A00876793 /* AVFoundation.framework */,
				85DA2BD61890308300876793 /* Foundation.framework */,
				85DA2BD81890308300876793 /* CoreGraphics.framework */,
				85DA2BDA1890308300876793 /* UIKit.framework */,
				85DA2BDC1890308300876793 /* CoreData.framework */,
				85DA2BFD1890308300876793 /* XCTest.framework */,
				C2EEE769C876440C960BE581 /* libPods.a */,
			);
			name = Frameworks;
			sourceTree = "<group>";
		};
		85DA2BDE1890308300876793 /* Tutorial */ = {
			isa = PBXGroup;
			children = (
				854CE5D218B67F7800BE6C62 /* MSAllinOne.h */,
				854CE5D318B67F7800BE6C62 /* MSAllinOne.m */,
				85DA2C2F1892C78000876793 /* external */,
				85DA2C241890328B00876793 /* MSImageZoomController.h */,
				85DA2C251890328B00876793 /* MSImageZoomController.m */,
				85DA2C211890328000876793 /* Tutorial.xcdatamodeld */,
				85DA2C1B1890327600876793 /* MSPascodeViewController.h */,
				85DA2C1C1890327600876793 /* MSPascodeViewController.m */,
				85DA2C1D1890327600876793 /* MSTableImageController.h */,
				85DA2C1E1890327600876793 /* MSTableImageController.m */,
				85DA2C181890326A00876793 /* MicBlowViewController.h */,
				85DA2C191890326A00876793 /* MicBlowViewController.m */,
				85DA2BE71890308300876793 /* MSAppDelegate.h */,
				85DA2BE81890308300876793 /* MSAppDelegate.m */,
				85DA2BEA1890308300876793 /* Main.storyboard */,
				85DA2BF61890308300876793 /* Images.xcassets */,
				85DA2BED1890308300876793 /* Tutorial.xcdatamodeld */,
				85DA2BDF1890308300876793 /* Supporting Files */,
				85DA2C2718903D3000876793 /* MSMainTableViewController.h */,
				85DA2C2818903D3000876793 /* MSMainTableViewController.m */,
				85DA2C361892C84C00876793 /* MSKeyChain.h */,
				85DA2C371892C84C00876793 /* MSKeyChain.m */,
				85EFB557189C47A2003492E5 /* MSUtil.h */,
				85EFB558189C47A2003492E5 /* MSUtil.m */,
				85662C4918A8AFC40064AA59 /* Settings.bundle */,
				85662D5318AC04440064AA59 /* MSViewControllerCamera.h */,
				85662D5418AC04440064AA59 /* MSViewControllerCamera.m */,
				854CE5CF18B2DD9400BE6C62 /* MSViewControllerEffects.h */,
				854CE5D018B2DD9400BE6C62 /* MSViewControllerEffects.m */,
				854CE5D818B6830D00BE6C62 /* MSFilesCollection.h */,
				854CE5D918B6830D00BE6C62 /* MSFilesCollection.m */,
				854CE5DB18B6F23F00BE6C62 /* MSMyCell.h */,
				854CE5DC18B6F23F00BE6C62 /* MSMyCell.m */,
				854CE5E418B754AD00BE6C62 /* MSLogFileDataSource.h */,
				854CE5E518B754AD00BE6C62 /* MSLogFileDataSource.m */,
			);
			path = Tutorial;
			sourceTree = "<group>";
		};
		85DA2BDF1890308300876793 /* Supporting Files */ = {
			isa = PBXGroup;
			children = (
				85662D3618AB0CAA0064AA59 /* plus.png */,
				85662D3718AB0CAA0064AA59 /* reorder.png */,
				85662D3818AB0CAA0064AA59 /* trash.png */,
				85662D3218AB0C9E0064AA59 /* align-justify.png */,
				85662D3318AB0C9E0064AA59 /* instagram.png */,
				85662D2218AB07E90064AA59 /* key.png */,
				85662D2318AB07E90064AA59 /* key2.png */,
				85662D2618AB07E90064AA59 /* lock.png */,
				85662D1218AA98A40064AA59 /* simpleMenuButton.png */,
				85662D1318AA98A40064AA59 /* simpleMenuButton@2x.png */,
				85662D0A18AA98960064AA59 /* icon-menu.png */,
				85662D0B18AA98960064AA59 /* icon-menu@2x.png */,
				85662D0C18AA98960064AA59 /* icon.png */,
				85662D0D18AA98960064AA59 /* icon@2x.png */,
				85DA2BE01890308300876793 /* Tutorial-Info.plist */,
				85DA2BE11890308300876793 /* InfoPlist.strings */,
				85DA2BE41890308300876793 /* main.m */,
				85DA2BE61890308300876793 /* Tutorial-Prefix.pch */,
			);
			name = "Supporting Files";
			sourceTree = "<group>";
		};
		85DA2C041890308300876793 /* TutorialTests */ = {
			isa = PBXGroup;
			children = (
				85DA2C0A1890308300876793 /* TutorialTests.m */,
				85DA2C051890308300876793 /* Supporting Files */,
			);
			path = TutorialTests;
			sourceTree = "<group>";
		};
		85DA2C051890308300876793 /* Supporting Files */ = {
			isa = PBXGroup;
			children = (
				85DA2C061890308300876793 /* TutorialTests-Info.plist */,
				85DA2C071890308300876793 /* InfoPlist.strings */,
			);
			name = "Supporting Files";
			sourceTree = "<group>";
		};
		85DA2C2F1892C78000876793 /* external */ = {
			isa = PBXGroup;
			children = (
				85662D1B18AAF73E0064AA59 /* RNFrostedSidebar.h */,
				85662D1C18AAF73E0064AA59 /* RNFrostedSidebar.m */,
				85DA2C3B18931DAA00876793 /* Lockbox.h */,
				85DA2C3C18931DAA00876793 /* Lockbox.m */,
				85DA2C301892C7BD00876793 /* SSKeychain.h */,
				85DA2C311892C7BD00876793 /* SSKeychain.m */,
				85DA2C321892C7BD00876793 /* SSKeychainQuery.h */,
				85DA2C331892C7BD00876793 /* SSKeychainQuery.m */,
			);
			name = external;
			sourceTree = "<group>";
		};
/* End PBXGroup section */

/* Begin PBXNativeTarget section */
		85DA2BD21890308300876793 /* Tutorial */ = {
			isa = PBXNativeTarget;
			buildConfigurationList = 85DA2C0E1890308300876793 /* Build configuration list for PBXNativeTarget "Tutorial" */;
			buildPhases = (
				0FE7647698504EA4A9374286 /* Check Pods Manifest.lock */,
				85DA2BCF1890308300876793 /* Sources */,
				85DA2BD01890308300876793 /* Frameworks */,
				85DA2BD11890308300876793 /* Resources */,
				74637A4CFA4747C387B2AF94 /* Copy Pods Resources */,
			);
			buildRules = (
			);
			dependencies = (
			);
			name = Tutorial;
			productName = Tutorial;
			productReference = 85DA2BD31890308300876793 /* Tutorial.app */;
			productType = "com.apple.product-type.application";
		};
		85DA2BFB1890308300876793 /* TutorialTests */ = {
			isa = PBXNativeTarget;
			buildConfigurationList = 85DA2C111890308300876793 /* Build configuration list for PBXNativeTarget "TutorialTests" */;
			buildPhases = (
				85DA2BF81890308300876793 /* Sources */,
				85DA2BF91890308300876793 /* Frameworks */,
				85DA2BFA1890308300876793 /* Resources */,
			);
			buildRules = (
			);
			dependencies = (
				85DA2C031890308300876793 /* PBXTargetDependency */,
			);
			name = TutorialTests;
			productName = TutorialTests;
			productReference = 85DA2BFC1890308300876793 /* TutorialTests.xctest */;
			productType = "com.apple.product-type.bundle.unit-test";
		};
/* End PBXNativeTarget section */

/* Begin PBXProject section */
		85DA2BCB1890308300876793 /* Project object */ = {
			isa = PBXProject;
			attributes = {
				CLASSPREFIX = MS;
				LastUpgradeCheck = 0500;
				ORGANIZATIONNAME = "MentorSoftware Ltd.";
				TargetAttributes = {
					85DA2BFB1890308300876793 = {
						TestTargetID = 85DA2BD21890308300876793;
					};
				};
			};
			buildConfigurationList = 85DA2BCE1890308300876793 /* Build configuration list for PBXProject "Tutorial" */;
			compatibilityVersion = "Xcode 3.2";
			developmentRegion = English;
			hasScannedForEncodings = 0;
			knownRegions = (
				en,
				Base,
			);
			mainGroup = 85DA2BCA1890308300876793;
			productRefGroup = 85DA2BD41890308300876793 /* Products */;
			projectDirPath = "";
			projectRoot = "";
			targets = (
				85DA2BD21890308300876793 /* Tutorial */,
				85DA2BFB1890308300876793 /* TutorialTests */,
			);
		};
/* End PBXProject section */

/* Begin PBXResourcesBuildPhase section */
		85DA2BD11890308300876793 /* Resources */ = {
			isa = PBXResourcesBuildPhase;
			buildActionMask = 2147483647;
			files = (
				85662D1518AA98A40064AA59 /* simpleMenuButton@2x.png in Resources */,
				85662D3918AB0CAA0064AA59 /* plus.png in Resources */,
				85662D1418AA98A40064AA59 /* simpleMenuButton.png in Resources */,
				85662D3B18AB0CAA0064AA59 /* trash.png in Resources */,
				85662D3418AB0C9E0064AA59 /* align-justify.png in Resources */,
				85DA2BF71890308300876793 /* Images.xcassets in Resources */,
				85662D2E18AB07E90064AA59 /* lock.png in Resources */,
				85662D2A18AB07E90064AA59 /* key.png in Resources */,
				85662D3518AB0C9E0064AA59 /* instagram.png in Resources */,
				85DA2BE31890308300876793 /* InfoPlist.strings in Resources */,
				85662C4A18A8AFC40064AA59 /* Settings.bundle in Resources */,
				85662D0F18AA98960064AA59 /* icon-menu@2x.png in Resources */,
				85662D2B18AB07E90064AA59 /* key2.png in Resources */,
				85662D1018AA98960064AA59 /* icon.png in Resources */,
				85662D0E18AA98960064AA59 /* icon-menu.png in Resources */,
				85DA2C3A189310E800876793 /* README.md in Resources */,
				85662D3A18AB0CAA0064AA59 /* reorder.png in Resources */,
				85DA2BEC1890308300876793 /* Main.storyboard in Resources */,
				85662D1118AA98960064AA59 /* icon@2x.png in Resources */,
			);
			runOnlyForDeploymentPostprocessing = 0;
		};
		85DA2BFA1890308300876793 /* Resources */ = {
			isa = PBXResourcesBuildPhase;
			buildActionMask = 2147483647;
			files = (
				85DA2C091890308300876793 /* InfoPlist.strings in Resources */,
			);
			runOnlyForDeploymentPostprocessing = 0;
		};
/* End PBXResourcesBuildPhase section */

/* Begin PBXShellScriptBuildPhase section */
		0FE7647698504EA4A9374286 /* Check Pods Manifest.lock */ = {
			isa = PBXShellScriptBuildPhase;
			buildActionMask = 2147483647;
			files = (
			);
			inputPaths = (
			);
			name = "Check Pods Manifest.lock";
			outputPaths = (
			);
			runOnlyForDeploymentPostprocessing = 0;
			shellPath = /bin/sh;
			shellScript = "diff \"${PODS_ROOT}/../Podfile.lock\" \"${PODS_ROOT}/Manifest.lock\" > /dev/null\nif [[ $? != 0 ]] ; then\n    cat << EOM\nerror: The sandbox is not in sync with the Podfile.lock. Run 'pod install' or update your CocoaPods installation.\nEOM\n    exit 1\nfi\n";
			showEnvVarsInLog = 0;
		};
		74637A4CFA4747C387B2AF94 /* Copy Pods Resources */ = {
			isa = PBXShellScriptBuildPhase;
			buildActionMask = 2147483647;
			files = (
			);
			inputPaths = (
			);
			name = "Copy Pods Resources";
			outputPaths = (
			);
			runOnlyForDeploymentPostprocessing = 0;
			shellPath = /bin/sh;
			shellScript = "\"${SRCROOT}/Pods/Pods-resources.sh\"\n";
			showEnvVarsInLog = 0;
		};
/* End PBXShellScriptBuildPhase section */

/* Begin PBXSourcesBuildPhase section */
		85DA2BCF1890308300876793 /* Sources */ = {
			isa = PBXSourcesBuildPhase;
			buildActionMask = 2147483647;
			files = (
				85DA2BE91890308300876793 /* MSAppDelegate.m in Sources */,
				85EFB559189C47A2003492E5 /* MSUtil.m in Sources */,
				85DA2C351892C7BD00876793 /* SSKeychainQuery.m in Sources */,
				854CE5D418B67F7900BE6C62 /* MSAllinOne.m in Sources */,
				85DA2BE51890308300876793 /* main.m in Sources */,
				85DA2C231890328000876793 /* Tutorial.xcdatamodeld in Sources */,
				85DA2C201890327600876793 /* MSTableImageController.m in Sources */,
				85DA2C3D18931DAA00876793 /* Lockbox.m in Sources */,
				854CE5E618B754AD00BE6C62 /* MSLogFileDataSource.m in Sources */,
				85DA2C1A1890326A00876793 /* MicBlowViewController.m in Sources */,
				85DA2C2A18903D3000876793 /* MSMainTableViewController.m in Sources */,
				85DA2C261890328B00876793 /* MSImageZoomController.m in Sources */,
				854CE5DD18B6F23F00BE6C62 /* MSMyCell.m in Sources */,
				85DA2C1F1890327600876793 /* MSPascodeViewController.m in Sources */,
				854CE5DA18B6830D00BE6C62 /* MSFilesCollection.m in Sources */,
				854CE5D118B2DD9400BE6C62 /* MSViewControllerEffects.m in Sources */,
				85662D5518AC04440064AA59 /* MSViewControllerCamera.m in Sources */,
				85DA2BEF1890308300876793 /* Tutorial.xcdatamodeld in Sources */,
				85DA2C341892C7BD00876793 /* SSKeychain.m in Sources */,
				85662D1D18AAF73E0064AA59 /* RNFrostedSidebar.m in Sources */,
				85DA2C381892C84C00876793 /* MSKeyChain.m in Sources */,
			);
			runOnlyForDeploymentPostprocessing = 0;
		};
		85DA2BF81890308300876793 /* Sources */ = {
			isa = PBXSourcesBuildPhase;
			buildActionMask = 2147483647;
			files = (
				85DA2C0B1890308300876793 /* TutorialTests.m in Sources */,
			);
			runOnlyForDeploymentPostprocessing = 0;
		};
/* End PBXSourcesBuildPhase section */

/* Begin PBXTargetDependency section */
		85DA2C031890308300876793 /* PBXTargetDependency */ = {
			isa = PBXTargetDependency;
			target = 85DA2BD21890308300876793 /* Tutorial */;
			targetProxy = 85DA2C021890308300876793 /* PBXContainerItemProxy */;
		};
/* End PBXTargetDependency section */

/* Begin PBXVariantGroup section */
		85DA2BE11890308300876793 /* InfoPlist.strings */ = {
			isa = PBXVariantGroup;
			children = (
				85DA2BE21890308300876793 /* en */,
			);
			name = InfoPlist.strings;
			sourceTree = "<group>";
		};
		85DA2BEA1890308300876793 /* Main.storyboard */ = {
			isa = PBXVariantGroup;
			children = (
				85DA2BEB1890308300876793 /* Base */,
			);
			name = Main.storyboard;
			sourceTree = "<group>";
		};
		85DA2C071890308300876793 /* InfoPlist.strings */ = {
			isa = PBXVariantGroup;
			children = (
				85DA2C081890308300876793 /* en */,
			);
			name = InfoPlist.strings;
			sourceTree = "<group>";
		};
/* End PBXVariantGroup section */

/* Begin XCBuildConfiguration section */
		85DA2C0C1890308300876793 /* Debug */ = {
			isa = XCBuildConfiguration;
			buildSettings = {
				ALWAYS_SEARCH_USER_PATHS = NO;
				ARCHS = "$(ARCHS_STANDARD_INCLUDING_64_BIT)";
				CLANG_CXX_LANGUAGE_STANDARD = "gnu++0x";
				CLANG_CXX_LIBRARY = "libc++";
				CLANG_ENABLE_MODULES = YES;
				CLANG_ENABLE_OBJC_ARC = YES;
				CLANG_WARN_BOOL_CONVERSION = YES;
				CLANG_WARN_CONSTANT_CONVERSION = YES;
				CLANG_WARN_DIRECT_OBJC_ISA_USAGE = YES_ERROR;
				CLANG_WARN_EMPTY_BODY = YES;
				CLANG_WARN_ENUM_CONVERSION = YES;
				CLANG_WARN_INT_CONVERSION = YES;
				CLANG_WARN_OBJC_ROOT_CLASS = YES_ERROR;
				CLANG_WARN__DUPLICATE_METHOD_MATCH = YES;
				"CODE_SIGN_IDENTITY[sdk=iphoneos*]" = "iPhone Developer";
				COPY_PHASE_STRIP = NO;
				GCC_C_LANGUAGE_STANDARD = gnu99;
				GCC_DYNAMIC_NO_PIC = NO;
				GCC_OPTIMIZATION_LEVEL = 0;
				GCC_PREPROCESSOR_DEFINITIONS = (
					"DEBUG=1",
					"$(inherited)",
				);
				GCC_SYMBOLS_PRIVATE_EXTERN = NO;
				GCC_WARN_64_TO_32_BIT_CONVERSION = YES;
				GCC_WARN_ABOUT_RETURN_TYPE = YES_ERROR;
				GCC_WARN_UNDECLARED_SELECTOR = YES;
				GCC_WARN_UNINITIALIZED_AUTOS = YES;
				GCC_WARN_UNUSED_FUNCTION = YES;
				GCC_WARN_UNUSED_VARIABLE = YES;
				IPHONEOS_DEPLOYMENT_TARGET = 7.0;
				ONLY_ACTIVE_ARCH = YES;
				SDKROOT = iphoneos;
			};
			name = Debug;
		};
		85DA2C0D1890308300876793 /* Release */ = {
			isa = XCBuildConfiguration;
			buildSettings = {
				ALWAYS_SEARCH_USER_PATHS = NO;
				ARCHS = "$(ARCHS_STANDARD_INCLUDING_64_BIT)";
				CLANG_CXX_LANGUAGE_STANDARD = "gnu++0x";
				CLANG_CXX_LIBRARY = "libc++";
				CLANG_ENABLE_MODULES = YES;
				CLANG_ENABLE_OBJC_ARC = YES;
				CLANG_WARN_BOOL_CONVERSION = YES;
				CLANG_WARN_CONSTANT_CONVERSION = YES;
				CLANG_WARN_DIRECT_OBJC_ISA_USAGE = YES_ERROR;
				CLANG_WARN_EMPTY_BODY = YES;
				CLANG_WARN_ENUM_CONVERSION = YES;
				CLANG_WARN_INT_CONVERSION = YES;
				CLANG_WARN_OBJC_ROOT_CLASS = YES_ERROR;
				CLANG_WARN__DUPLICATE_METHOD_MATCH = YES;
				"CODE_SIGN_IDENTITY[sdk=iphoneos*]" = "iPhone Developer";
				COPY_PHASE_STRIP = YES;
				ENABLE_NS_ASSERTIONS = NO;
				GCC_C_LANGUAGE_STANDARD = gnu99;
				GCC_WARN_64_TO_32_BIT_CONVERSION = YES;
				GCC_WARN_ABOUT_RETURN_TYPE = YES_ERROR;
				GCC_WARN_UNDECLARED_SELECTOR = YES;
				GCC_WARN_UNINITIALIZED_AUTOS = YES;
				GCC_WARN_UNUSED_FUNCTION = YES;
				GCC_WARN_UNUSED_VARIABLE = YES;
				IPHONEOS_DEPLOYMENT_TARGET = 7.0;
				SDKROOT = iphoneos;
				VALIDATE_PRODUCT = YES;
			};
			name = Release;
		};
		85DA2C0F1890308300876793 /* Debug */ = {
			isa = XCBuildConfiguration;
			baseConfigurationReference = AE47620B231840B581071C9E /* Pods.xcconfig */;
			buildSettings = {
				ASSETCATALOG_COMPILER_APPICON_NAME = AppIcon;
				ASSETCATALOG_COMPILER_LAUNCHIMAGE_NAME = LaunchImage;
				GCC_PRECOMPILE_PREFIX_HEADER = YES;
				GCC_PREFIX_HEADER = "Tutorial/Tutorial-Prefix.pch";
				INFOPLIST_FILE = "Tutorial/Tutorial-Info.plist";
				PRODUCT_NAME = "$(TARGET_NAME)";
				WRAPPER_EXTENSION = app;
			};
			name = Debug;
		};
		85DA2C101890308300876793 /* Release */ = {
			isa = XCBuildConfiguration;
			baseConfigurationReference = AE47620B231840B581071C9E /* Pods.xcconfig */;
			buildSettings = {
				ASSETCATALOG_COMPILER_APPICON_NAME = AppIcon;
				ASSETCATALOG_COMPILER_LAUNCHIMAGE_NAME = LaunchImage;
				GCC_PRECOMPILE_PREFIX_HEADER = YES;
				GCC_PREFIX_HEADER = "Tutorial/Tutorial-Prefix.pch";
				INFOPLIST_FILE = "Tutorial/Tutorial-Info.plist";
				PRODUCT_NAME = "$(TARGET_NAME)";
				WRAPPER_EXTENSION = app;
			};
			name = Release;
		};
		85DA2C121890308300876793 /* Debug */ = {
			isa = XCBuildConfiguration;
			buildSettings = {
				ARCHS = "$(ARCHS_STANDARD_INCLUDING_64_BIT)";
				BUNDLE_LOADER = "$(BUILT_PRODUCTS_DIR)/Tutorial.app/Tutorial";
				FRAMEWORK_SEARCH_PATHS = (
					"$(SDKROOT)/Developer/Library/Frameworks",
					"$(inherited)",
					"$(DEVELOPER_FRAMEWORKS_DIR)",
				);
				GCC_PRECOMPILE_PREFIX_HEADER = YES;
				GCC_PREFIX_HEADER = "Tutorial/Tutorial-Prefix.pch";
				GCC_PREPROCESSOR_DEFINITIONS = (
					"DEBUG=1",
					"$(inherited)",
				);
				INFOPLIST_FILE = "TutorialTests/TutorialTests-Info.plist";
				PRODUCT_NAME = "$(TARGET_NAME)";
				TEST_HOST = "$(BUNDLE_LOADER)";
				WRAPPER_EXTENSION = xctest;
			};
			name = Debug;
		};
		85DA2C131890308300876793 /* Release */ = {
			isa = XCBuildConfiguration;
			buildSettings = {
				ARCHS = "$(ARCHS_STANDARD_INCLUDING_64_BIT)";
				BUNDLE_LOADER = "$(BUILT_PRODUCTS_DIR)/Tutorial.app/Tutorial";
				FRAMEWORK_SEARCH_PATHS = (
					"$(SDKROOT)/Developer/Library/Frameworks",
					"$(inherited)",
					"$(DEVELOPER_FRAMEWORKS_DIR)",
				);
				GCC_PRECOMPILE_PREFIX_HEADER = YES;
				GCC_PREFIX_HEADER = "Tutorial/Tutorial-Prefix.pch";
				INFOPLIST_FILE = "TutorialTests/TutorialTests-Info.plist";
				PRODUCT_NAME = "$(TARGET_NAME)";
				TEST_HOST = "$(BUNDLE_LOADER)";
				WRAPPER_EXTENSION = xctest;
			};
			name = Release;
		};
/* End XCBuildConfiguration section */

/* Begin XCConfigurationList section */
		85DA2BCE1890308300876793 /* Build configuration list for PBXProject "Tutorial" */ = {
			isa = XCConfigurationList;
			buildConfigurations = (
				85DA2C0C1890308300876793 /* Debug */,
				85DA2C0D1890308300876793 /* Release */,
			);
			defaultConfigurationIsVisible = 0;
			defaultConfigurationName = Release;
		};
		85DA2C0E1890308300876793 /* Build configuration list for PBXNativeTarget "Tutorial" */ = {
			isa = XCConfigurationList;
			buildConfigurations = (
				85DA2C0F1890308300876793 /* Debug */,
				85DA2C101890308300876793 /* Release */,
			);
			defaultConfigurationIsVisible = 0;
			defaultConfigurationName = Release;
		};
		85DA2C111890308300876793 /* Build configuration list for PBXNativeTarget "TutorialTests" */ = {
			isa = XCConfigurationList;
			buildConfigurations = (
				85DA2C121890308300876793 /* Debug */,
				85DA2C131890308300876793 /* Release */,
			);
			defaultConfigurationIsVisible = 0;
			defaultConfigurationName = Release;
		};
/* End XCConfigurationList section */

/* Begin XCVersionGroup section */
		85DA2BED1890308300876793 /* Tutorial.xcdatamodeld */ = {
			isa = XCVersionGroup;
			children = (
				85DA2BEE1890308300876793 /* Tutorial.xcdatamodel */,
			);
			currentVersion = 85DA2BEE1890308300876793 /* Tutorial.xcdatamodel */;
			path = Tutorial.xcdatamodeld;
			sourceTree = "<group>";
			versionGroupType = wrapper.xcdatamodel;
		};
		85DA2C211890328000876793 /* Tutorial.xcdatamodeld */ = {
			isa = XCVersionGroup;
			children = (
				85DA2C221890328000876793 /* Tutorial.xcdatamodel */,
			);
			currentVersion = 85DA2C221890328000876793 /* Tutorial.xcdatamodel */;
			path = Tutorial.xcdatamodeld;
			sourceTree = "<group>";
			versionGroupType = wrapper.xcdatamodel;
		};
/* End XCVersionGroup section */
	};
	rootObject = 85DA2BCB1890308300876793 /* Project object */;
}
